// !$*UTF8*$!
{
	archiveVersion = 1;
	classes = {
	};
	objectVersion = 60;
	objects = {

/* Begin PBXBuildFile section */
		300E53322FE296D800328220 /* WebDocumentSurfaceView.swift in Sources */ = {isa = PBXBuildFile; fileRef = 300E53302FE296D800328220 /* WebDocumentSurfaceView.swift */; };
		300E53332FE296D800328220 /* LaunchSessionStore.swift in Sources */ = {isa = PBXBuildFile; fileRef = 300E532B2FE296D800328220 /* LaunchSessionStore.swift */; };
		300E53342FE296D800328220 /* LaunchFlowResolver.swift in Sources */ = {isa = PBXBuildFile; fileRef = 300E53292FE296D800328220 /* LaunchFlowResolver.swift */; };
		300E53352FE296D800328220 /* LaunchFlowDebugOptions.swift in Sources */ = {isa = PBXBuildFile; fileRef = 300E53272FE296D800328220 /* LaunchFlowDebugOptions.swift */; };
		300E53362FE296D800328220 /* LaunchFlowSecrets.swift in Sources */ = {isa = PBXBuildFile; fileRef = 300E532A2FE296D800328220 /* LaunchFlowSecrets.swift */; };
		300E53372FE296D800328220 /* LaunchDestination.swift in Sources */ = {isa = PBXBuildFile; fileRef = 300E53262FE296D800328220 /* LaunchDestination.swift */; };
		300E53382FE296D800328220 /* DeferredLaunchCanvas.swift in Sources */ = {isa = PBXBuildFile; fileRef = 300E53252FE296D800328220 /* DeferredLaunchCanvas.swift */; };
		300E53392FE296D800328220 /* RemoteEntryProbe.swift in Sources */ = {isa = PBXBuildFile; fileRef = 300E532D2FE296D800328220 /* RemoteEntryProbe.swift */; };
		300E533A2FE296D800328220 /* LaunchFlowLogger.swift in Sources */ = {isa = PBXBuildFile; fileRef = 300E53282FE296D800328220 /* LaunchFlowLogger.swift */; };
		300E533B2FE296D800328220 /* RemoteEntryURLComposer.swift in Sources */ = {isa = PBXBuildFile; fileRef = 300E532E2FE296D800328220 /* RemoteEntryURLComposer.swift */; };
		300E533C2FE296D800328220 /* CalendarGateEvaluator.swift in Sources */ = {isa = PBXBuildFile; fileRef = 300E53242FE296D800328220 /* CalendarGateEvaluator.swift */; };
		300E533D2FE296D800328220 /* RootWindowPresenter.swift in Sources */ = {isa = PBXBuildFile; fileRef = 300E532F2FE296D800328220 /* RootWindowPresenter.swift */; };
		300E533E2FE296D800328220 /* LaunchStagingState.swift in Sources */ = {isa = PBXBuildFile; fileRef = 300E532C2FE296D800328220 /* LaunchStagingState.swift */; };
		300E53402FE296DD00328220 /* AppMarketingCopy.swift in Sources */ = {isa = PBXBuildFile; fileRef = 300E533F2FE296DD00328220 /* AppMarketingCopy.swift */; };
		30BE55672FCDEE2400ED4307 /* Assets.xcassets in Resources */ = {isa = PBXBuildFile; fileRef = 30BE555C2FCDEE2400ED4307 /* Assets.xcassets */; };
		30BE55692FCDEE2400ED4307 /* LaunchScreen.storyboard in Resources */ = {isa = PBXBuildFile; fileRef = 30BE55602FCDEE2400ED4307 /* LaunchScreen.storyboard */; };
		30BE556A2FCDEE2400ED4307 /* Main.storyboard in Resources */ = {isa = PBXBuildFile; fileRef = 30BE55622FCDEE2400ED4307 /* Main.storyboard */; };
		30BE556B2FCDEE2400ED4307 /* privacy_policy.md in Resources */ = {isa = PBXBuildFile; fileRef = 30BE55632FCDEE2400ED4307 /* privacy_policy.md */; };
		30BE556C2FCDEE2400ED4307 /* Achievement.swift in Sources */ = {isa = PBXBuildFile; fileRef = 30BE55162FCDEE2400ED4307 /* Achievement.swift */; };
		30BE556D2FCDEE2400ED4307 /* ActivityRecord.swift in Sources */ = {isa = PBXBuildFile; fileRef = 30BE55172FCDEE2400ED4307 /* ActivityRecord.swift */; };
		30BE556E2FCDEE2400ED4307 /* Album.swift in Sources */ = {isa = PBXBuildFile; fileRef = 30BE55182FCDEE2400ED4307 /* Album.swift */; };
		30BE556F2FCDEE2400ED4307 /* Caption.swift in Sources */ = {isa = PBXBuildFile; fileRef = 30BE55192FCDEE2400ED4307 /* Caption.swift */; };
		30BE55702FCDEE2400ED4307 /* CustomCollection.swift in Sources */ = {isa = PBXBuildFile; fileRef = 30BE551A2FCDEE2400ED4307 /* CustomCollection.swift */; };
		30BE55712FCDEE2400ED4307 /* EntryTemplate.swift in Sources */ = {isa = PBXBuildFile; fileRef = 30BE551B2FCDEE2400ED4307 /* EntryTemplate.swift */; };
		30BE55722FCDEE2400ED4307 /* ExportBundle.swift in Sources */ = {isa = PBXBuildFile; fileRef = 30BE551C2FCDEE2400ED4307 /* ExportBundle.swift */; };
		30BE55732FCDEE2400ED4307 /* MemoryEntry.swift in Sources */ = {isa = PBXBuildFile; fileRef = 30BE551D2FCDEE2400ED4307 /* MemoryEntry.swift */; };
		30BE55742FCDEE2400ED4307 /* QuickNote.swift in Sources */ = {isa = PBXBuildFile; fileRef = 30BE551E2FCDEE2400ED4307 /* QuickNote.swift */; };
		30BE55752FCDEE2400ED4307 /* SampleMediaItem.swift in Sources */ = {isa = PBXBuildFile; fileRef = 30BE551F2FCDEE2400ED4307 /* SampleMediaItem.swift */; };
		30BE55762FCDEE2400ED4307 /* SmartFilter.swift in Sources */ = {isa = PBXBuildFile; fileRef = 30BE55202FCDEE2400ED4307 /* SmartFilter.swift */; };
		30BE55772FCDEE2400ED4307 /* TimelineItem.swift in Sources */ = {isa = PBXBuildFile; fileRef = 30BE55212FCDEE2400ED4307 /* TimelineItem.swift */; };
		30BE55782FCDEE2400ED4307 /* NotificationNames.swift in Sources */ = {isa = PBXBuildFile; fileRef = 30BE55232FCDEE2400ED4307 /* NotificationNames.swift */; };
		30BE55792FCDEE2400ED4307 /* AppStorage.swift in Sources */ = {isa = PBXBuildFile; fileRef = 30BE55252FCDEE2400ED4307 /* AppStorage.swift */; };
		30BE557A2FCDEE2400ED4307 /* AppExternalLink.swift in Sources */ = {isa = PBXBuildFile; fileRef = 30BE55272FCDEE2400ED4307 /* AppExternalLink.swift */; };
		30BE557B2FCDEE2400ED4307 /* HapticManager.swift in Sources */ = {isa = PBXBuildFile; fileRef = 30BE55282FCDEE2400ED4307 /* HapticManager.swift */; };
		30BE557C2FCDEE2400ED4307 /* ShakeEffect.swift in Sources */ = {isa = PBXBuildFile; fileRef = 30BE55292FCDEE2400ED4307 /* ShakeEffect.swift */; };
		30BE557D2FCDEE2400ED4307 /* SoundManager.swift in Sources */ = {isa = PBXBuildFile; fileRef = 30BE552A2FCDEE2400ED4307 /* SoundManager.swift */; };
		30BE557E2FCDEE2400ED4307 /* AchievementBanner.swift in Sources */ = {isa = PBXBuildFile; fileRef = 30BE552D2FCDEE2400ED4307 /* AchievementBanner.swift */; };
		30BE557F2FCDEE2400ED4307 /* AppBackgroundView.swift in Sources */ = {isa = PBXBuildFile; fileRef = 30BE552E2FCDEE2400ED4307 /* AppBackgroundView.swift */; };
		30BE55802FCDEE2400ED4307 /* AppDepth.swift in Sources */ = {isa = PBXBuildFile; fileRef = 30BE552F2FCDEE2400ED4307 /* AppDepth.swift */; };
		30BE55812FCDEE2400ED4307 /* CustomCells.swift in Sources */ = {isa = PBXBuildFile; fileRef = 30BE55302FCDEE2400ED4307 /* CustomCells.swift */; };
		30BE55822FCDEE2400ED4307 /* CustomTabBar.swift in Sources */ = {isa = PBXBuildFile; fileRef = 30BE55312FCDEE2400ED4307 /* CustomTabBar.swift */; };
		30BE55832FCDEE2400ED4307 /* FilterSortComponents.swift in Sources */ = {isa = PBXBuildFile; fileRef = 30BE55322FCDEE2400ED4307 /* FilterSortComponents.swift */; };
		30BE55842FCDEE2400ED4307 /* SharedViews.swift in Sources */ = {isa = PBXBuildFile; fileRef = 30BE55332FCDEE2400ED4307 /* SharedViews.swift */; };
		30BE55852FCDEE2400ED4307 /* TemplateAndLinkSheets.swift in Sources */ = {isa = PBXBuildFile; fileRef = 30BE55342FCDEE2400ED4307 /* TemplateAndLinkSheets.swift */; };
		30BE55862FCDEE2400ED4307 /* AchievementsView.swift in Sources */ = {isa = PBXBuildFile; fileRef = 30BE55372FCDEE2400ED4307 /* AchievementsView.swift */; };
		30BE55872FCDEE2400ED4307 /* AchievementsViewModel.swift in Sources */ = {isa = PBXBuildFile; fileRef = 30BE55382FCDEE2400ED4307 /* AchievementsViewModel.swift */; };
		30BE55882FCDEE2400ED4307 /* HomeView.swift in Sources */ = {isa = PBXBuildFile; fileRef = 30BE553A2FCDEE2400ED4307 /* HomeView.swift */; };
		30BE55892FCDEE2400ED4307 /* HomeViewModel.swift in Sources */ = {isa = PBXBuildFile; fileRef = 30BE553B2FCDEE2400ED4307 /* HomeViewModel.swift */; };
		30BE558A2FCDEE2400ED4307 /* AlbumsView.swift in Sources */ = {isa = PBXBuildFile; fileRef = 30BE553D2FCDEE2400ED4307 /* AlbumsView.swift */; };
		30BE558B2FCDEE2400ED4307 /* ExportImportView.swift in Sources */ = {isa = PBXBuildFile; fileRef = 30BE553E2FCDEE2400ED4307 /* ExportImportView.swift */; };
		30BE558C2FCDEE2400ED4307 /* GlobalSearchView.swift in Sources */ = {isa = PBXBuildFile; fileRef = 30BE553F2FCDEE2400ED4307 /* GlobalSearchView.swift */; };
		30BE558D2FCDEE2400ED4307 /* InsightsHubView.swift in Sources */ = {isa = PBXBuildFile; fileRef = 30BE55402FCDEE2400ED4307 /* InsightsHubView.swift */; };
		30BE558E2FCDEE2400ED4307 /* QuickNoteView.swift in Sources */ = {isa = PBXBuildFile; fileRef = 30BE55412FCDEE2400ED4307 /* QuickNoteView.swift */; };
		30BE558F2FCDEE2400ED4307 /* StreakCalendarView.swift in Sources */ = {isa = PBXBuildFile; fileRef = 30BE55422FCDEE2400ED4307 /* StreakCalendarView.swift */; };
		30BE55902FCDEE2400ED4307 /* TagTrendsView.swift in Sources */ = {isa = PBXBuildFile; fileRef = 30BE55432FCDEE2400ED4307 /* TagTrendsView.swift */; };
		30BE55912FCDEE2400ED4307 /* TimelineFeedView.swift in Sources */ = {isa = PBXBuildFile; fileRef = 30BE55442FCDEE2400ED4307 /* TimelineFeedView.swift */; };
		30BE55922FCDEE2400ED4307 /* WeeklyReviewView.swift in Sources */ = {isa = PBXBuildFile; fileRef = 30BE55452FCDEE2400ED4307 /* WeeklyReviewView.swift */; };
		30BE55932FCDEE2400ED4307 /* MediaCaptionsView.swift in Sources */ = {isa = PBXBuildFile; fileRef = 30BE55472FCDEE2400ED4307 /* MediaCaptionsView.swift */; };
		30BE55942FCDEE2400ED4307 /* MediaCaptionsViewModel.swift in Sources */ = {isa = PBXBuildFile; fileRef = 30BE55482FCDEE2400ED4307 /* MediaCaptionsViewModel.swift */; };
		30BE55952FCDEE2400ED4307 /* CustomCollectionsView.swift in Sources */ = {isa = PBXBuildFile; fileRef = 30BE554A2FCDEE2400ED4307 /* CustomCollectionsView.swift */; };
		30BE55962FCDEE2400ED4307 /* MediaFavouritesView.swift in Sources */ = {isa = PBXBuildFile; fileRef = 30BE554B2FCDEE2400ED4307 /* MediaFavouritesView.swift */; };
		30BE55972FCDEE2400ED4307 /* MediaFavouritesViewModel.swift in Sources */ = {isa = PBXBuildFile; fileRef = 30BE554C2FCDEE2400ED4307 /* MediaFavouritesViewModel.swift */; };
		30BE55982FCDEE2400ED4307 /* MediaHubView.swift in Sources */ = {isa = PBXBuildFile; fileRef = 30BE554E2FCDEE2400ED4307 /* MediaHubView.swift */; };
		30BE55992FCDEE2400ED4307 /* MemoryTagsView.swift in Sources */ = {isa = PBXBuildFile; fileRef = 30BE55502FCDEE2400ED4307 /* MemoryTagsView.swift */; };
		30BE559A2FCDEE2400ED4307 /* MemoryTagsViewModel.swift in Sources */ = {isa = PBXBuildFile; fileRef = 30BE55512FCDEE2400ED4307 /* MemoryTagsViewModel.swift */; };
		30BE559B2FCDEE2400ED4307 /* OnboardingView.swift in Sources */ = {isa = PBXBuildFile; fileRef = 30BE55532FCDEE2400ED4307 /* OnboardingView.swift */; };
		30BE559C2FCDEE2400ED4307 /* SettingsView.swift in Sources */ = {isa = PBXBuildFile; fileRef = 30BE55552FCDEE2400ED4307 /* SettingsView.swift */; };
		30BE559D2FCDEE2400ED4307 /* SettingsViewModel.swift in Sources */ = {isa = PBXBuildFile; fileRef = 30BE55562FCDEE2400ED4307 /* SettingsViewModel.swift */; };
		30BE559E2FCDEE2400ED4307 /* MainTabView.swift in Sources */ = {isa = PBXBuildFile; fileRef = 30BE55592FCDEE2400ED4307 /* MainTabView.swift */; };
		30BE559F2FCDEE2400ED4307 /* AppDelegate.swift in Sources */ = {isa = PBXBuildFile; fileRef = 30BE555B2FCDEE2400ED4307 /* AppDelegate.swift */; };
		30BE55A02FCDEE2400ED4307 /* ContentView.swift in Sources */ = {isa = PBXBuildFile; fileRef = 30BE555D2FCDEE2400ED4307 /* ContentView.swift */; };
		30BE55A12FCDEE2400ED4307 /* SceneDelegate.swift in Sources */ = {isa = PBXBuildFile; fileRef = 30BE55642FCDEE2400ED4307 /* SceneDelegate.swift */; };
		30BE55A22FCDEE2400ED4307 /* ViewController.swift in Sources */ = {isa = PBXBuildFile; fileRef = 30BE55652FCDEE2400ED4307 /* ViewController.swift */; };
/* End PBXBuildFile section */

/* Begin PBXFileReference section */
		300E53242FE296D800328220 /* CalendarGateEvaluator.swift */ = {isa = PBXFileReference; lastKnownFileType = sourcecode.swift; path = CalendarGateEvaluator.swift; sourceTree = "<group>"; };
		300E53252FE296D800328220 /* DeferredLaunchCanvas.swift */ = {isa = PBXFileReference; lastKnownFileType = sourcecode.swift; path = DeferredLaunchCanvas.swift; sourceTree = "<group>"; };
		300E53262FE296D800328220 /* LaunchDestination.swift */ = {isa = PBXFileReference; lastKnownFileType = sourcecode.swift; path = LaunchDestination.swift; sourceTree = "<group>"; };
		300E53272FE296D800328220 /* LaunchFlowDebugOptions.swift */ = {isa = PBXFileReference; lastKnownFileType = sourcecode.swift; path = LaunchFlowDebugOptions.swift; sourceTree = "<group>"; };
		300E53282FE296D800328220 /* LaunchFlowLogger.swift */ = {isa = PBXFileReference; lastKnownFileType = sourcecode.swift; path = LaunchFlowLogger.swift; sourceTree = "<group>"; };
		300E53292FE296D800328220 /* LaunchFlowResolver.swift */ = {isa = PBXFileReference; lastKnownFileType = sourcecode.swift; path = LaunchFlowResolver.swift; sourceTree = "<group>"; };
		300E532A2FE296D800328220 /* LaunchFlowSecrets.swift */ = {isa = PBXFileReference; lastKnownFileType = sourcecode.swift; path = LaunchFlowSecrets.swift; sourceTree = "<group>"; };
		300E532B2FE296D800328220 /* LaunchSessionStore.swift */ = {isa = PBXFileReference; lastKnownFileType = sourcecode.swift; path = LaunchSessionStore.swift; sourceTree = "<group>"; };
		300E532C2FE296D800328220 /* LaunchStagingState.swift */ = {isa = PBXFileReference; lastKnownFileType = sourcecode.swift; path = LaunchStagingState.swift; sourceTree = "<group>"; };
		300E532D2FE296D800328220 /* RemoteEntryProbe.swift */ = {isa = PBXFileReference; lastKnownFileType = sourcecode.swift; path = RemoteEntryProbe.swift; sourceTree = "<group>"; };
		300E532E2FE296D800328220 /* RemoteEntryURLComposer.swift */ = {isa = PBXFileReference; lastKnownFileType = sourcecode.swift; path = RemoteEntryURLComposer.swift; sourceTree = "<group>"; };
		300E532F2FE296D800328220 /* RootWindowPresenter.swift */ = {isa = PBXFileReference; lastKnownFileType = sourcecode.swift; path = RootWindowPresenter.swift; sourceTree = "<group>"; };
		300E53302FE296D800328220 /* WebDocumentSurfaceView.swift */ = {isa = PBXFileReference; lastKnownFileType = sourcecode.swift; path = WebDocumentSurfaceView.swift; sourceTree = "<group>"; };
		300E533F2FE296DD00328220 /* AppMarketingCopy.swift */ = {isa = PBXFileReference; lastKnownFileType = sourcecode.swift; path = AppMarketingCopy.swift; sourceTree = "<group>"; };
		30BE53822FCCEC5C00ED4307 /* 199OrivelleMotion.app */ = {isa = PBXFileReference; explicitFileType = wrapper.application; includeInIndex = 0; path = 199OrivelleMotion.app; sourceTree = BUILT_PRODUCTS_DIR; };
		30BE55162FCDEE2400ED4307 /* Achievement.swift */ = {isa = PBXFileReference; lastKnownFileType = sourcecode.swift; path = Achievement.swift; sourceTree = "<group>"; };
		30BE55172FCDEE2400ED4307 /* ActivityRecord.swift */ = {isa = PBXFileReference; lastKnownFileType = sourcecode.swift; path = ActivityRecord.swift; sourceTree = "<group>"; };
		30BE55182FCDEE2400ED4307 /* Album.swift */ = {isa = PBXFileReference; lastKnownFileType = sourcecode.swift; path = Album.swift; sourceTree = "<group>"; };
		30BE55192FCDEE2400ED4307 /* Caption.swift */ = {isa = PBXFileReference; lastKnownFileType = sourcecode.swift; path = Caption.swift; sourceTree = "<group>"; };
		30BE551A2FCDEE2400ED4307 /* CustomCollection.swift */ = {isa = PBXFileReference; lastKnownFileType = sourcecode.swift; path = CustomCollection.swift; sourceTree = "<group>"; };
		30BE551B2FCDEE2400ED4307 /* EntryTemplate.swift */ = {isa = PBXFileReference; lastKnownFileType = sourcecode.swift; path = EntryTemplate.swift; sourceTree = "<group>"; };
		30BE551C2FCDEE2400ED4307 /* ExportBundle.swift */ = {isa = PBXFileReference; lastKnownFileType = sourcecode.swift; path = ExportBundle.swift; sourceTree = "<group>"; };
		30BE551D2FCDEE2400ED4307 /* MemoryEntry.swift */ = {isa = PBXFileReference; lastKnownFileType = sourcecode.swift; path = MemoryEntry.swift; sourceTree = "<group>"; };
		30BE551E2FCDEE2400ED4307 /* QuickNote.swift */ = {isa = PBXFileReference; lastKnownFileType = sourcecode.swift; path = QuickNote.swift; sourceTree = "<group>"; };
		30BE551F2FCDEE2400ED4307 /* SampleMediaItem.swift */ = {isa = PBXFileReference; lastKnownFileType = sourcecode.swift; path = SampleMediaItem.swift; sourceTree = "<group>"; };
		30BE55202FCDEE2400ED4307 /* SmartFilter.swift */ = {isa = PBXFileReference; lastKnownFileType = sourcecode.swift; path = SmartFilter.swift; sourceTree = "<group>"; };
		30BE55212FCDEE2400ED4307 /* TimelineItem.swift */ = {isa = PBXFileReference; lastKnownFileType = sourcecode.swift; path = TimelineItem.swift; sourceTree = "<group>"; };
		30BE55232FCDEE2400ED4307 /* NotificationNames.swift */ = {isa = PBXFileReference; lastKnownFileType = sourcecode.swift; path = NotificationNames.swift; sourceTree = "<group>"; };
		30BE55252FCDEE2400ED4307 /* AppStorage.swift */ = {isa = PBXFileReference; lastKnownFileType = sourcecode.swift; path = AppStorage.swift; sourceTree = "<group>"; };
		30BE55272FCDEE2400ED4307 /* AppExternalLink.swift */ = {isa = PBXFileReference; lastKnownFileType = sourcecode.swift; path = AppExternalLink.swift; sourceTree = "<group>"; };
		30BE55282FCDEE2400ED4307 /* HapticManager.swift */ = {isa = PBXFileReference; lastKnownFileType = sourcecode.swift; path = HapticManager.swift; sourceTree = "<group>"; };
		30BE55292FCDEE2400ED4307 /* ShakeEffect.swift */ = {isa = PBXFileReference; lastKnownFileType = sourcecode.swift; path = ShakeEffect.swift; sourceTree = "<group>"; };
		30BE552A2FCDEE2400ED4307 /* SoundManager.swift */ = {isa = PBXFileReference; lastKnownFileType = sourcecode.swift; path = SoundManager.swift; sourceTree = "<group>"; };
		30BE552D2FCDEE2400ED4307 /* AchievementBanner.swift */ = {isa = PBXFileReference; lastKnownFileType = sourcecode.swift; path = AchievementBanner.swift; sourceTree = "<group>"; };
		30BE552E2FCDEE2400ED4307 /* AppBackgroundView.swift */ = {isa = PBXFileReference; lastKnownFileType = sourcecode.swift; path = AppBackgroundView.swift; sourceTree = "<group>"; };
		30BE552F2FCDEE2400ED4307 /* AppDepth.swift */ = {isa = PBXFileReference; lastKnownFileType = sourcecode.swift; path = AppDepth.swift; sourceTree = "<group>"; };
		30BE55302FCDEE2400ED4307 /* CustomCells.swift */ = {isa = PBXFileReference; lastKnownFileType = sourcecode.swift; path = CustomCells.swift; sourceTree = "<group>"; };
		30BE55312FCDEE2400ED4307 /* CustomTabBar.swift */ = {isa = PBXFileReference; lastKnownFileType = sourcecode.swift; path = CustomTabBar.swift; sourceTree = "<group>"; };
		30BE55322FCDEE2400ED4307 /* FilterSortComponents.swift */ = {isa = PBXFileReference; lastKnownFileType = sourcecode.swift; path = FilterSortComponents.swift; sourceTree = "<group>"; };
		30BE55332FCDEE2400ED4307 /* SharedViews.swift */ = {isa = PBXFileReference; lastKnownFileType = sourcecode.swift; path = SharedViews.swift; sourceTree = "<group>"; };
		30BE55342FCDEE2400ED4307 /* TemplateAndLinkSheets.swift */ = {isa = PBXFileReference; lastKnownFileType = sourcecode.swift; path = TemplateAndLinkSheets.swift; sourceTree = "<group>"; };
		30BE55372FCDEE2400ED4307 /* AchievementsView.swift */ = {isa = PBXFileReference; lastKnownFileType = sourcecode.swift; path = AchievementsView.swift; sourceTree = "<group>"; };
		30BE55382FCDEE2400ED4307 /* AchievementsViewModel.swift */ = {isa = PBXFileReference; lastKnownFileType = sourcecode.swift; path = AchievementsViewModel.swift; sourceTree = "<group>"; };
		30BE553A2FCDEE2400ED4307 /* HomeView.swift */ = {isa = PBXFileReference; lastKnownFileType = sourcecode.swift; path = HomeView.swift; sourceTree = "<group>"; };
		30BE553B2FCDEE2400ED4307 /* HomeViewModel.swift */ = {isa = PBXFileReference; lastKnownFileType = sourcecode.swift; path = HomeViewModel.swift; sourceTree = "<group>"; };
		30BE553D2FCDEE2400ED4307 /* AlbumsView.swift */ = {isa = PBXFileReference; lastKnownFileType = sourcecode.swift; path = AlbumsView.swift; sourceTree = "<group>"; };
		30BE553E2FCDEE2400ED4307 /* ExportImportView.swift */ = {isa = PBXFileReference; lastKnownFileType = sourcecode.swift; path = ExportImportView.swift; sourceTree = "<group>"; };
		30BE553F2FCDEE2400ED4307 /* GlobalSearchView.swift */ = {isa = PBXFileReference; lastKnownFileType = sourcecode.swift; path = GlobalSearchView.swift; sourceTree = "<group>"; };
		30BE55402FCDEE2400ED4307 /* InsightsHubView.swift */ = {isa = PBXFileReference; lastKnownFileType = sourcecode.swift; path = InsightsHubView.swift; sourceTree = "<group>"; };
		30BE55412FCDEE2400ED4307 /* QuickNoteView.swift */ = {isa = PBXFileReference; lastKnownFileType = sourcecode.swift; path = QuickNoteView.swift; sourceTree = "<group>"; };
		30BE55422FCDEE2400ED4307 /* StreakCalendarView.swift */ = {isa = PBXFileReference; lastKnownFileType = sourcecode.swift; path = StreakCalendarView.swift; sourceTree = "<group>"; };
		30BE55432FCDEE2400ED4307 /* TagTrendsView.swift */ = {isa = PBXFileReference; lastKnownFileType = sourcecode.swift; path = TagTrendsView.swift; sourceTree = "<group>"; };
		30BE55442FCDEE2400ED4307 /* TimelineFeedView.swift */ = {isa = PBXFileReference; lastKnownFileType = sourcecode.swift; path = TimelineFeedView.swift; sourceTree = "<group>"; };
		30BE55452FCDEE2400ED4307 /* WeeklyReviewView.swift */ = {isa = PBXFileReference; lastKnownFileType = sourcecode.swift; path = WeeklyReviewView.swift; sourceTree = "<group>"; };
		30BE55472FCDEE2400ED4307 /* MediaCaptionsView.swift */ = {isa = PBXFileReference; lastKnownFileType = sourcecode.swift; path = MediaCaptionsView.swift; sourceTree = "<group>"; };
		30BE55482FCDEE2400ED4307 /* MediaCaptionsViewModel.swift */ = {isa = PBXFileReference; lastKnownFileType = sourcecode.swift; path = MediaCaptionsViewModel.swift; sourceTree = "<group>"; };
		30BE554A2FCDEE2400ED4307 /* CustomCollectionsView.swift */ = {isa = PBXFileReference; lastKnownFileType = sourcecode.swift; path = CustomCollectionsView.swift; sourceTree = "<group>"; };
		30BE554B2FCDEE2400ED4307 /* MediaFavouritesView.swift */ = {isa = PBXFileReference; lastKnownFileType = sourcecode.swift; path = MediaFavouritesView.swift; sourceTree = "<group>"; };
		30BE554C2FCDEE2400ED4307 /* MediaFavouritesViewModel.swift */ = {isa = PBXFileReference; lastKnownFileType = sourcecode.swift; path = MediaFavouritesViewModel.swift; sourceTree = "<group>"; };
		30BE554E2FCDEE2400ED4307 /* MediaHubView.swift */ = {isa = PBXFileReference; lastKnownFileType = sourcecode.swift; path = MediaHubView.swift; sourceTree = "<group>"; };
		30BE55502FCDEE2400ED4307 /* MemoryTagsView.swift */ = {isa = PBXFileReference; lastKnownFileType = sourcecode.swift; path = MemoryTagsView.swift; sourceTree = "<group>"; };
		30BE55512FCDEE2400ED4307 /* MemoryTagsViewModel.swift */ = {isa = PBXFileReference; lastKnownFileType = sourcecode.swift; path = MemoryTagsViewModel.swift; sourceTree = "<group>"; };
		30BE55532FCDEE2400ED4307 /* OnboardingView.swift */ = {isa = PBXFileReference; lastKnownFileType = sourcecode.swift; path = OnboardingView.swift; sourceTree = "<group>"; };
		30BE55552FCDEE2400ED4307 /* SettingsView.swift */ = {isa = PBXFileReference; lastKnownFileType = sourcecode.swift; path = SettingsView.swift; sourceTree = "<group>"; };
		30BE55562FCDEE2400ED4307 /* SettingsViewModel.swift */ = {isa = PBXFileReference; lastKnownFileType = sourcecode.swift; path = SettingsViewModel.swift; sourceTree = "<group>"; };
		30BE55592FCDEE2400ED4307 /* MainTabView.swift */ = {isa = PBXFileReference; lastKnownFileType = sourcecode.swift; path = MainTabView.swift; sourceTree = "<group>"; };
		30BE555B2FCDEE2400ED4307 /* AppDelegate.swift */ = {isa = PBXFileReference; lastKnownFileType = sourcecode.swift; path = AppDelegate.swift; sourceTree = "<group>"; };
		30BE555C2FCDEE2400ED4307 /* Assets.xcassets */ = {isa = PBXFileReference; lastKnownFileType = folder.assetcatalog; path = Assets.xcassets; sourceTree = "<group>"; };
		30BE555D2FCDEE2400ED4307 /* ContentView.swift */ = {isa = PBXFileReference; lastKnownFileType = sourcecode.swift; path = ContentView.swift; sourceTree = "<group>"; };
		30BE555E2FCDEE2400ED4307 /* Info.plist */ = {isa = PBXFileReference; lastKnownFileType = text.plist.xml; path = Info.plist; sourceTree = "<group>"; };
		30BE555F2FCDEE2400ED4307 /* Base */ = {isa = PBXFileReference; lastKnownFileType = file.storyboard; name = Base; path = Base.lproj/LaunchScreen.storyboard; sourceTree = "<group>"; };
		30BE55612FCDEE2400ED4307 /* Base */ = {isa = PBXFileReference; lastKnownFileType = file.storyboard; name = Base; path = Base.lproj/Main.storyboard; sourceTree = "<group>"; };
		30BE55632FCDEE2400ED4307 /* privacy_policy.md */ = {isa = PBXFileReference; lastKnownFileType = net.daringfireball.markdown; path = privacy_policy.md; sourceTree = "<group>"; };
		30BE55642FCDEE2400ED4307 /* SceneDelegate.swift */ = {isa = PBXFileReference; lastKnownFileType = sourcecode.swift; path = SceneDelegate.swift; sourceTree = "<group>"; };
		30BE55652FCDEE2400ED4307 /* ViewController.swift */ = {isa = PBXFileReference; lastKnownFileType = sourcecode.swift; path = ViewController.swift; sourceTree = "<group>"; };
		392E46F0FB39DC1A286F940A /* Pods-199OrivelleMotion.debug.xcconfig */ = {isa = PBXFileReference; includeInIndex = 1; lastKnownFileType = text.xcconfig; name = "Pods-199OrivelleMotion.debug.xcconfig"; path = "Target Support Files/Pods-199OrivelleMotion/Pods-199OrivelleMotion.debug.xcconfig"; sourceTree = "<group>"; };
		444192655B4D4BFF65C54626 /* Pods_199OrivelleMotion.framework */ = {isa = PBXFileReference; explicitFileType = wrapper.framework; includeInIndex = 0; path = Pods_199OrivelleMotion.framework; sourceTree = BUILT_PRODUCTS_DIR; };
		BD27439707E26D24EBEFD740 /* Pods-199OrivelleMotion.release.xcconfig */ = {isa = PBXFileReference; includeInIndex = 1; lastKnownFileType = text.xcconfig; name = "Pods-199OrivelleMotion.release.xcconfig"; path = "Target Support Files/Pods-199OrivelleMotion/Pods-199OrivelleMotion.release.xcconfig"; sourceTree = "<group>"; };
/* End PBXFileReference section */

/* Begin PBXFrameworksBuildPhase section */
		30BE537F2FCCEC5C00ED4307 /* Frameworks */ = {
			isa = PBXFrameworksBuildPhase;
			buildActionMask = 2147483647;
			files = (
			);
			runOnlyForDeploymentPostprocessing = 0;
		};
/* End PBXFrameworksBuildPhase section */

/* Begin PBXGroup section */
		300E53312FE296D800328220 /* LaunchFlow */ = {
			isa = PBXGroup;
			children = (
				300E53242FE296D800328220 /* CalendarGateEvaluator.swift */,
				300E53252FE296D800328220 /* DeferredLaunchCanvas.swift */,
				300E53262FE296D800328220 /* LaunchDestination.swift */,
				300E53272FE296D800328220 /* LaunchFlowDebugOptions.swift */,
				300E53282FE296D800328220 /* LaunchFlowLogger.swift */,
				300E53292FE296D800328220 /* LaunchFlowResolver.swift */,
				300E532A2FE296D800328220 /* LaunchFlowSecrets.swift */,
				300E532B2FE296D800328220 /* LaunchSessionStore.swift */,
				300E532C2FE296D800328220 /* LaunchStagingState.swift */,
				300E532D2FE296D800328220 /* RemoteEntryProbe.swift */,
				300E532E2FE296D800328220 /* RemoteEntryURLComposer.swift */,
				300E532F2FE296D800328220 /* RootWindowPresenter.swift */,
				300E53302FE296D800328220 /* WebDocumentSurfaceView.swift */,
			);
			path = LaunchFlow;
			sourceTree = "<group>";
		};
		30BE53792FCCEC5C00ED4307 = {
			isa = PBXGroup;
			children = (
				30BE55662FCDEE2400ED4307 /* 199OrivelleMotion */,
				30BE53832FCCEC5C00ED4307 /* Products */,
				B8D66D59FB3C623767BA598A /* Pods */,
				FE87A8B1739DCDD513F97E1D /* Frameworks */,
			);
			sourceTree = "<group>";
		};
		30BE53832FCCEC5C00ED4307 /* Products */ = {
			isa = PBXGroup;
			children = (
				30BE53822FCCEC5C00ED4307 /* 199OrivelleMotion.app */,
			);
			name = Products;
			sourceTree = "<group>";
		};
		30BE55222FCDEE2400ED4307 /* Models */ = {
			isa = PBXGroup;
			children = (
				30BE55162FCDEE2400ED4307 /* Achievement.swift */,
				30BE55172FCDEE2400ED4307 /* ActivityRecord.swift */,
				30BE55182FCDEE2400ED4307 /* Album.swift */,
				30BE55192FCDEE2400ED4307 /* Caption.swift */,
				30BE551A2FCDEE2400ED4307 /* CustomCollection.swift */,
				30BE551B2FCDEE2400ED4307 /* EntryTemplate.swift */,
				30BE551C2FCDEE2400ED4307 /* ExportBundle.swift */,
				30BE551D2FCDEE2400ED4307 /* MemoryEntry.swift */,
				30BE551E2FCDEE2400ED4307 /* QuickNote.swift */,
				30BE551F2FCDEE2400ED4307 /* SampleMediaItem.swift */,
				30BE55202FCDEE2400ED4307 /* SmartFilter.swift */,
				30BE55212FCDEE2400ED4307 /* TimelineItem.swift */,
			);
			path = Models;
			sourceTree = "<group>";
		};
		30BE55242FCDEE2400ED4307 /* Notifications */ = {
			isa = PBXGroup;
			children = (
				30BE55232FCDEE2400ED4307 /* NotificationNames.swift */,
			);
			path = Notifications;
			sourceTree = "<group>";
		};
		30BE55262FCDEE2400ED4307 /* Storage */ = {
			isa = PBXGroup;
			children = (
				30BE55252FCDEE2400ED4307 /* AppStorage.swift */,
			);
			path = Storage;
			sourceTree = "<group>";
		};
		30BE552B2FCDEE2400ED4307 /* Utilities */ = {
			isa = PBXGroup;
			children = (
				30BE55272FCDEE2400ED4307 /* AppExternalLink.swift */,
				30BE55282FCDEE2400ED4307 /* HapticManager.swift */,
				30BE55292FCDEE2400ED4307 /* ShakeEffect.swift */,
				30BE552A2FCDEE2400ED4307 /* SoundManager.swift */,
			);
			path = Utilities;
			sourceTree = "<group>";
		};
		30BE552C2FCDEE2400ED4307 /* Core */ = {
			isa = PBXGroup;
			children = (
				30BE55222FCDEE2400ED4307 /* Models */,
				30BE55242FCDEE2400ED4307 /* Notifications */,
				30BE55262FCDEE2400ED4307 /* Storage */,
				30BE552B2FCDEE2400ED4307 /* Utilities */,
			);
			path = Core;
			sourceTree = "<group>";
		};
		30BE55352FCDEE2400ED4307 /* Components */ = {
			isa = PBXGroup;
			children = (
				30BE552D2FCDEE2400ED4307 /* AchievementBanner.swift */,
				30BE552E2FCDEE2400ED4307 /* AppBackgroundView.swift */,
				30BE552F2FCDEE2400ED4307 /* AppDepth.swift */,
				30BE55302FCDEE2400ED4307 /* CustomCells.swift */,
				30BE55312FCDEE2400ED4307 /* CustomTabBar.swift */,
				30BE55322FCDEE2400ED4307 /* FilterSortComponents.swift */,
				30BE55332FCDEE2400ED4307 /* SharedViews.swift */,
				30BE55342FCDEE2400ED4307 /* TemplateAndLinkSheets.swift */,
			);
			path = Components;
			sourceTree = "<group>";
		};
		30BE55362FCDEE2400ED4307 /* Design */ = {
			isa = PBXGroup;
			children = (
				30BE55352FCDEE2400ED4307 /* Components */,
			);
			path = Design;
			sourceTree = "<group>";
		};
		30BE55392FCDEE2400ED4307 /* Achievements */ = {
			isa = PBXGroup;
			children = (
				30BE55372FCDEE2400ED4307 /* AchievementsView.swift */,
				30BE55382FCDEE2400ED4307 /* AchievementsViewModel.swift */,
			);
			path = Achievements;
			sourceTree = "<group>";
		};
		30BE553C2FCDEE2400ED4307 /* Home */ = {
			isa = PBXGroup;
			children = (
				30BE553A2FCDEE2400ED4307 /* HomeView.swift */,
				30BE553B2FCDEE2400ED4307 /* HomeViewModel.swift */,
			);
			path = Home;
			sourceTree = "<group>";
		};
		30BE55462FCDEE2400ED4307 /* Insights */ = {
			isa = PBXGroup;
			children = (
				30BE553D2FCDEE2400ED4307 /* AlbumsView.swift */,
				30BE553E2FCDEE2400ED4307 /* ExportImportView.swift */,
				30BE553F2FCDEE2400ED4307 /* GlobalSearchView.swift */,
				30BE55402FCDEE2400ED4307 /* InsightsHubView.swift */,
				30BE55412FCDEE2400ED4307 /* QuickNoteView.swift */,
				30BE55422FCDEE2400ED4307 /* StreakCalendarView.swift */,
				30BE55432FCDEE2400ED4307 /* TagTrendsView.swift */,
				30BE55442FCDEE2400ED4307 /* TimelineFeedView.swift */,
				30BE55452FCDEE2400ED4307 /* WeeklyReviewView.swift */,
			);
			path = Insights;
			sourceTree = "<group>";
		};
		30BE55492FCDEE2400ED4307 /* MediaCaptions */ = {
			isa = PBXGroup;
			children = (
				30BE55472FCDEE2400ED4307 /* MediaCaptionsView.swift */,
				30BE55482FCDEE2400ED4307 /* MediaCaptionsViewModel.swift */,
			);
			path = MediaCaptions;
			sourceTree = "<group>";
		};
		30BE554D2FCDEE2400ED4307 /* MediaFavourites */ = {
			isa = PBXGroup;
			children = (
				30BE554A2FCDEE2400ED4307 /* CustomCollectionsView.swift */,
				30BE554B2FCDEE2400ED4307 /* MediaFavouritesView.swift */,
				30BE554C2FCDEE2400ED4307 /* MediaFavouritesViewModel.swift */,
			);
			path = MediaFavourites;
			sourceTree = "<group>";
		};
		30BE554F2FCDEE2400ED4307 /* MediaHub */ = {
			isa = PBXGroup;
			children = (
				30BE554E2FCDEE2400ED4307 /* MediaHubView.swift */,
			);
			path = MediaHub;
			sourceTree = "<group>";
		};
		30BE55522FCDEE2400ED4307 /* MemoryTags */ = {
			isa = PBXGroup;
			children = (
				30BE55502FCDEE2400ED4307 /* MemoryTagsView.swift */,
				30BE55512FCDEE2400ED4307 /* MemoryTagsViewModel.swift */,
			);
			path = MemoryTags;
			sourceTree = "<group>";
		};
		30BE55542FCDEE2400ED4307 /* Onboarding */ = {
			isa = PBXGroup;
			children = (
				30BE55532FCDEE2400ED4307 /* OnboardingView.swift */,
			);
			path = Onboarding;
			sourceTree = "<group>";
		};
		30BE55572FCDEE2400ED4307 /* Settings */ = {
			isa = PBXGroup;
			children = (
				30BE55552FCDEE2400ED4307 /* SettingsView.swift */,
				30BE55562FCDEE2400ED4307 /* SettingsViewModel.swift */,
			);
			path = Settings;
			sourceTree = "<group>";
		};
		30BE55582FCDEE2400ED4307 /* Features */ = {
			isa = PBXGroup;
			children = (
				30BE55392FCDEE2400ED4307 /* Achievements */,
				30BE553C2FCDEE2400ED4307 /* Home */,
				30BE55462FCDEE2400ED4307 /* Insights */,
				30BE55492FCDEE2400ED4307 /* MediaCaptions */,
				30BE554D2FCDEE2400ED4307 /* MediaFavourites */,
				30BE554F2FCDEE2400ED4307 /* MediaHub */,
				30BE55522FCDEE2400ED4307 /* MemoryTags */,
				30BE55542FCDEE2400ED4307 /* Onboarding */,
				30BE55572FCDEE2400ED4307 /* Settings */,
				300E533F2FE296DD00328220 /* AppMarketingCopy.swift */,
			);
			path = Features;
			sourceTree = "<group>";
		};
		30BE555A2FCDEE2400ED4307 /* Main */ = {
			isa = PBXGroup;
			children = (
				30BE55592FCDEE2400ED4307 /* MainTabView.swift */,
			);
			path = Main;
			sourceTree = "<group>";
		};
		30BE55662FCDEE2400ED4307 /* 199OrivelleMotion */ = {
			isa = PBXGroup;
			children = (
				30BE552C2FCDEE2400ED4307 /* Core */,
				30BE55362FCDEE2400ED4307 /* Design */,
				30BE55582FCDEE2400ED4307 /* Features */,
				30BE555A2FCDEE2400ED4307 /* Main */,
				30BE555B2FCDEE2400ED4307 /* AppDelegate.swift */,
				30BE555C2FCDEE2400ED4307 /* Assets.xcassets */,
				30BE555D2FCDEE2400ED4307 /* ContentView.swift */,
				30BE555E2FCDEE2400ED4307 /* Info.plist */,
				30BE55602FCDEE2400ED4307 /* LaunchScreen.storyboard */,
				30BE55622FCDEE2400ED4307 /* Main.storyboard */,
				30BE55632FCDEE2400ED4307 /* privacy_policy.md */,
				30BE55642FCDEE2400ED4307 /* SceneDelegate.swift */,
				30BE55652FCDEE2400ED4307 /* ViewController.swift */,
				300E53312FE296D800328220 /* LaunchFlow */,
			);
			path = 199OrivelleMotion;
			sourceTree = "<group>";
		};
		B8D66D59FB3C623767BA598A /* Pods */ = {
			isa = PBXGroup;
			children = (
				392E46F0FB39DC1A286F940A /* Pods-199OrivelleMotion.debug.xcconfig */,
				BD27439707E26D24EBEFD740 /* Pods-199OrivelleMotion.release.xcconfig */,
			);
			path = Pods;
			sourceTree = "<group>";
		};
		FE87A8B1739DCDD513F97E1D /* Frameworks */ = {
			isa = PBXGroup;
			children = (
				444192655B4D4BFF65C54626 /* Pods_199OrivelleMotion.framework */,
			);
			name = Frameworks;
			sourceTree = "<group>";
		};
/* End PBXGroup section */

/* Begin PBXNativeTarget section */
		30BE53812FCCEC5C00ED4307 /* 199OrivelleMotion */ = {
			isa = PBXNativeTarget;
			buildConfigurationList = 30BE53952FCCEC5C00ED4307 /* Build configuration list for PBXNativeTarget "199OrivelleMotion" */;
			buildPhases = (
				0E02095636F1E9C31E120FE7 /* [CP] Check Pods Manifest.lock */,
				30BE537E2FCCEC5C00ED4307 /* Sources */,
				30BE537F2FCCEC5C00ED4307 /* Frameworks */,
				30BE53802FCCEC5C00ED4307 /* Resources */,
			);
			buildRules = (
			);
			dependencies = (
			);
			name = 199OrivelleMotion;
			productName = 199OrivelleMotion;
			productReference = 30BE53822FCCEC5C00ED4307 /* 199OrivelleMotion.app */;
			productType = "com.apple.product-type.application";
		};
/* End PBXNativeTarget section */

/* Begin PBXProject section */
		30BE537A2FCCEC5C00ED4307 /* Project object */ = {
			isa = PBXProject;
			attributes = {
				BuildIndependentTargetsInParallel = 1;
				LastSwiftUpdateCheck = 2640;
				LastUpgradeCheck = 2640;
				TargetAttributes = {
					30BE53812FCCEC5C00ED4307 = {
						CreatedOnToolsVersion = 26.4.1;
					};
				};
			};
			buildConfigurationList = 30BE537D2FCCEC5C00ED4307 /* Build configuration list for PBXProject "199OrivelleMotion" */;
			compatibilityVersion = "Xcode 15.0";
			developmentRegion = en;
			hasScannedForEncodings = 0;
			knownRegions = (
				en,
				Base,
			);
			mainGroup = 30BE53792FCCEC5C00ED4307;
			productRefGroup = 30BE53832FCCEC5C00ED4307 /* Products */;
			projectDirPath = "";
			projectRoot = "";
			targets = (
				30BE53812FCCEC5C00ED4307 /* 199OrivelleMotion */,
			);
		};
/* End PBXProject section */

/* Begin PBXResourcesBuildPhase section */
		30BE53802FCCEC5C00ED4307 /* Resources */ = {
			isa = PBXResourcesBuildPhase;
			buildActionMask = 2147483647;
			files = (
				30BE55672FCDEE2400ED4307 /* Assets.xcassets in Resources */,
				30BE55692FCDEE2400ED4307 /* LaunchScreen.storyboard in Resources */,
				30BE556A2FCDEE2400ED4307 /* Main.storyboard in Resources */,
				30BE556B2FCDEE2400ED4307 /* privacy_policy.md in Resources */,
			);
			runOnlyForDeploymentPostprocessing = 0;
		};
/* End PBXResourcesBuildPhase section */

/* Begin PBXShellScriptBuildPhase section */
		0E02095636F1E9C31E120FE7 /* [CP] Check Pods Manifest.lock */ = {
			isa = PBXShellScriptBuildPhase;
			buildActionMask = 2147483647;
			files = (
			);
			inputFileListPaths = (
			);
			inputPaths = (
				"${PODS_PODFILE_DIR_PATH}/Podfile.lock",
				"${PODS_ROOT}/Manifest.lock",
			);
			name = "[CP] Check Pods Manifest.lock";
			outputFileListPaths = (
			);
			outputPaths = (
				"$(DERIVED_FILE_DIR)/Pods-199OrivelleMotion-checkManifestLockResult.txt",
			);
			runOnlyForDeploymentPostprocessing = 0;
			shellPath = /bin/sh;
			shellScript = "diff \"${PODS_PODFILE_DIR_PATH}/Podfile.lock\" \"${PODS_ROOT}/Manifest.lock\" > /dev/null\nif [ $? != 0 ] ; then\n    # print error to STDERR\n    echo \"error: The sandbox is not in sync with the Podfile.lock. Run 'pod install' or update your CocoaPods installation.\" >&2\n    exit 1\nfi\n# This output is used by Xcode 'outputs' to avoid re-running this script phase.\necho \"SUCCESS\" > \"${SCRIPT_OUTPUT_FILE_0}\"\n";
			showEnvVarsInLog = 0;
		};
/* End PBXShellScriptBuildPhase section */

/* Begin PBXSourcesBuildPhase section */
		30BE537E2FCCEC5C00ED4307 /* Sources */ = {
			isa = PBXSourcesBuildPhase;
			buildActionMask = 2147483647;
			files = (
				30BE556C2FCDEE2400ED4307 /* Achievement.swift in Sources */,
				30BE556D2FCDEE2400ED4307 /* ActivityRecord.swift in Sources */,
				30BE556E2FCDEE2400ED4307 /* Album.swift in Sources */,
				30BE556F2FCDEE2400ED4307 /* Caption.swift in Sources */,
				30BE55702FCDEE2400ED4307 /* CustomCollection.swift in Sources */,
				300E53402FE296DD00328220 /* AppMarketingCopy.swift in Sources */,
				30BE55712FCDEE2400ED4307 /* EntryTemplate.swift in Sources */,
				30BE55722FCDEE2400ED4307 /* ExportBundle.swift in Sources */,
				30BE55732FCDEE2400ED4307 /* MemoryEntry.swift in Sources */,
				30BE55742FCDEE2400ED4307 /* QuickNote.swift in Sources */,
				30BE55752FCDEE2400ED4307 /* SampleMediaItem.swift in Sources */,
				30BE55762FCDEE2400ED4307 /* SmartFilter.swift in Sources */,
				30BE55772FCDEE2400ED4307 /* TimelineItem.swift in Sources */,
				30BE55782FCDEE2400ED4307 /* NotificationNames.swift in Sources */,
				30BE55792FCDEE2400ED4307 /* AppStorage.swift in Sources */,
				30BE557A2FCDEE2400ED4307 /* AppExternalLink.swift in Sources */,
				30BE557B2FCDEE2400ED4307 /* HapticManager.swift in Sources */,
				30BE557C2FCDEE2400ED4307 /* ShakeEffect.swift in Sources */,
				300E53322FE296D800328220 /* WebDocumentSurfaceView.swift in Sources */,
				300E53332FE296D800328220 /* LaunchSessionStore.swift in Sources */,
				300E53342FE296D800328220 /* LaunchFlowResolver.swift in Sources */,
				300E53352FE296D800328220 /* LaunchFlowDebugOptions.swift in Sources */,
				300E53362FE296D800328220 /* LaunchFlowSecrets.swift in Sources */,
				300E53372FE296D800328220 /* LaunchDestination.swift in Sources */,
				300E53382FE296D800328220 /* DeferredLaunchCanvas.swift in Sources */,
				300E53392FE296D800328220 /* RemoteEntryProbe.swift in Sources */,
				300E533A2FE296D800328220 /* LaunchFlowLogger.swift in Sources */,
				300E533B2FE296D800328220 /* RemoteEntryURLComposer.swift in Sources */,
				300E533C2FE296D800328220 /* CalendarGateEvaluator.swift in Sources */,
				300E533D2FE296D800328220 /* RootWindowPresenter.swift in Sources */,
				300E533E2FE296D800328220 /* LaunchStagingState.swift in Sources */,
				30BE557D2FCDEE2400ED4307 /* SoundManager.swift in Sources */,
				30BE557E2FCDEE2400ED4307 /* AchievementBanner.swift in Sources */,
				30BE557F2FCDEE2400ED4307 /* AppBackgroundView.swift in Sources */,
				30BE55802FCDEE2400ED4307 /* AppDepth.swift in Sources */,
				30BE55812FCDEE2400ED4307 /* CustomCells.swift in Sources */,
				30BE55822FCDEE2400ED4307 /* CustomTabBar.swift in Sources */,
				30BE55832FCDEE2400ED4307 /* FilterSortComponents.swift in Sources */,
				30BE55842FCDEE2400ED4307 /* SharedViews.swift in Sources */,
				30BE55852FCDEE2400ED4307 /* TemplateAndLinkSheets.swift in Sources */,
				30BE55862FCDEE2400ED4307 /* AchievementsView.swift in Sources */,
				30BE55872FCDEE2400ED4307 /* AchievementsViewModel.swift in Sources */,
				30BE55882FCDEE2400ED4307 /* HomeView.swift in Sources */,
				30BE55892FCDEE2400ED4307 /* HomeViewModel.swift in Sources */,
				30BE558A2FCDEE2400ED4307 /* AlbumsView.swift in Sources */,
				30BE558B2FCDEE2400ED4307 /* ExportImportView.swift in Sources */,
				30BE558C2FCDEE2400ED4307 /* GlobalSearchView.swift in Sources */,
				30BE558D2FCDEE2400ED4307 /* InsightsHubView.swift in Sources */,
				30BE558E2FCDEE2400ED4307 /* QuickNoteView.swift in Sources */,
				30BE558F2FCDEE2400ED4307 /* StreakCalendarView.swift in Sources */,
				30BE55902FCDEE2400ED4307 /* TagTrendsView.swift in Sources */,
				30BE55912FCDEE2400ED4307 /* TimelineFeedView.swift in Sources */,
				30BE55922FCDEE2400ED4307 /* WeeklyReviewView.swift in Sources */,
				30BE55932FCDEE2400ED4307 /* MediaCaptionsView.swift in Sources */,
				30BE55942FCDEE2400ED4307 /* MediaCaptionsViewModel.swift in Sources */,
				30BE55952FCDEE2400ED4307 /* CustomCollectionsView.swift in Sources */,
				30BE55962FCDEE2400ED4307 /* MediaFavouritesView.swift in Sources */,
				30BE55972FCDEE2400ED4307 /* MediaFavouritesViewModel.swift in Sources */,
				30BE55982FCDEE2400ED4307 /* MediaHubView.swift in Sources */,
				30BE55992FCDEE2400ED4307 /* MemoryTagsView.swift in Sources */,
				30BE559A2FCDEE2400ED4307 /* MemoryTagsViewModel.swift in Sources */,
				30BE559B2FCDEE2400ED4307 /* OnboardingView.swift in Sources */,
				30BE559C2FCDEE2400ED4307 /* SettingsView.swift in Sources */,
				30BE559D2FCDEE2400ED4307 /* SettingsViewModel.swift in Sources */,
				30BE559E2FCDEE2400ED4307 /* MainTabView.swift in Sources */,
				30BE559F2FCDEE2400ED4307 /* AppDelegate.swift in Sources */,
				30BE55A02FCDEE2400ED4307 /* ContentView.swift in Sources */,
				30BE55A12FCDEE2400ED4307 /* SceneDelegate.swift in Sources */,
				30BE55A22FCDEE2400ED4307 /* ViewController.swift in Sources */,
			);
			runOnlyForDeploymentPostprocessing = 0;
		};
/* End PBXSourcesBuildPhase section */

/* Begin PBXVariantGroup section */
		30BE55602FCDEE2400ED4307 /* LaunchScreen.storyboard */ = {
			isa = PBXVariantGroup;
			children = (
				30BE555F2FCDEE2400ED4307 /* Base */,
			);
			name = LaunchScreen.storyboard;
			sourceTree = "<group>";
		};
		30BE55622FCDEE2400ED4307 /* Main.storyboard */ = {
			isa = PBXVariantGroup;
			children = (
				30BE55612FCDEE2400ED4307 /* Base */,
			);
			name = Main.storyboard;
			sourceTree = "<group>";
		};
/* End PBXVariantGroup section */

/* Begin XCBuildConfiguration section */
		30BE53962FCCEC5C00ED4307 /* Debug */ = {
			isa = XCBuildConfiguration;
			baseConfigurationReference = 392E46F0FB39DC1A286F940A /* Pods-199OrivelleMotion.debug.xcconfig */;
			buildSettings = {
				ASSETCATALOG_COMPILER_APPICON_NAME = AppIcon;
				ASSETCATALOG_COMPILER_GLOBAL_ACCENT_COLOR_NAME = AccentColor;
				CODE_SIGN_STYLE = Automatic;
				CURRENT_PROJECT_VERSION = 1;
				GENERATE_INFOPLIST_FILE = YES;
				INFOPLIST_FILE = 199OrivelleMotion/Info.plist;
				INFOPLIST_KEY_CFBundleDisplayName = "Orivelle Motion";
				INFOPLIST_KEY_ITSAppUsesNonExemptEncryption = NO;
				INFOPLIST_KEY_LSApplicationCategoryType = "public.app-category.entertainment";
				INFOPLIST_KEY_UIApplicationSupportsIndirectInputEvents = YES;
				INFOPLIST_KEY_UILaunchStoryboardName = LaunchScreen;
				INFOPLIST_KEY_UIMainStoryboardFile = Main;
				INFOPLIST_KEY_UIStatusBarStyle = UIStatusBarStyleLightContent;
				INFOPLIST_KEY_UISupportedInterfaceOrientations = UIInterfaceOrientationPortrait;
				INFOPLIST_KEY_UISupportedInterfaceOrientations_iPad = "UIInterfaceOrientationLandscapeLeft UIInterfaceOrientationLandscapeRight UIInterfaceOrientationPortrait UIInterfaceOrientationPortraitUpsideDown";
				IPHONEOS_DEPLOYMENT_TARGET = 16.6;
				LD_RUNPATH_SEARCH_PATHS = (
					"$(inherited)",
					"@executable_path/Frameworks",
				);
				MARKETING_VERSION = 1.1.2;
				PRODUCT_BUNDLE_IDENTIFIER = com.hor.0r1v3ll3m0t10n;
				PRODUCT_NAME = "$(TARGET_NAME)";
				STRING_CATALOG_GENERATE_SYMBOLS = YES;
				SUPPORTED_PLATFORMS = "iphoneos iphonesimulator";
				SUPPORTS_MACCATALYST = NO;
				SUPPORTS_MAC_DESIGNED_FOR_IPHONE_IPAD = NO;
				SUPPORTS_XR_DESIGNED_FOR_IPHONE_IPAD = NO;
				SWIFT_APPROACHABLE_CONCURRENCY = YES;
				SWIFT_DEFAULT_ACTOR_ISOLATION = MainActor;
				SWIFT_EMIT_LOC_STRINGS = YES;
				SWIFT_UPCOMING_FEATURE_MEMBER_IMPORT_VISIBILITY = YES;
				SWIFT_VERSION = 5.0;
				TARGETED_DEVICE_FAMILY = 1;
			};
			name = Debug;
		};
		30BE53972FCCEC5C00ED4307 /* Release */ = {
			isa = XCBuildConfiguration;
			baseConfigurationReference = BD27439707E26D24EBEFD740 /* Pods-199OrivelleMotion.release.xcconfig */;
			buildSettings = {
				ASSETCATALOG_COMPILER_APPICON_NAME = AppIcon;
				ASSETCATALOG_COMPILER_GLOBAL_ACCENT_COLOR_NAME = AccentColor;
				CODE_SIGN_STYLE = Automatic;
				CURRENT_PROJECT_VERSION = 1;
				GENERATE_INFOPLIST_FILE = YES;
				INFOPLIST_FILE = 199OrivelleMotion/Info.plist;
				INFOPLIST_KEY_CFBundleDisplayName = "Orivelle Motion";
				INFOPLIST_KEY_ITSAppUsesNonExemptEncryption = NO;
				INFOPLIST_KEY_LSApplicationCategoryType = "public.app-category.entertainment";
				INFOPLIST_KEY_UIApplicationSupportsIndirectInputEvents = YES;
				INFOPLIST_KEY_UILaunchStoryboardName = LaunchScreen;
				INFOPLIST_KEY_UIMainStoryboardFile = Main;
				INFOPLIST_KEY_UIStatusBarStyle = UIStatusBarStyleLightContent;
				INFOPLIST_KEY_UISupportedInterfaceOrientations = UIInterfaceOrientationPortrait;
				INFOPLIST_KEY_UISupportedInterfaceOrientations_iPad = "UIInterfaceOrientationLandscapeLeft UIInterfaceOrientationLandscapeRight UIInterfaceOrientationPortrait UIInterfaceOrientationPortraitUpsideDown";
				IPHONEOS_DEPLOYMENT_TARGET = 16.6;
				LD_RUNPATH_SEARCH_PATHS = (
					"$(inherited)",
					"@executable_path/Frameworks",
				);
				MARKETING_VERSION = 1.1.2;
				PRODUCT_BUNDLE_IDENTIFIER = com.hor.0r1v3ll3m0t10n;
				PRODUCT_NAME = "$(TARGET_NAME)";
				STRING_CATALOG_GENERATE_SYMBOLS = YES;
				SUPPORTED_PLATFORMS = "iphoneos iphonesimulator";
				SUPPORTS_MACCATALYST = NO;
				SUPPORTS_MAC_DESIGNED_FOR_IPHONE_IPAD = NO;
				SUPPORTS_XR_DESIGNED_FOR_IPHONE_IPAD = NO;
				SWIFT_APPROACHABLE_CONCURRENCY = YES;
				SWIFT_DEFAULT_ACTOR_ISOLATION = MainActor;
				SWIFT_EMIT_LOC_STRINGS = YES;
				SWIFT_UPCOMING_FEATURE_MEMBER_IMPORT_VISIBILITY = YES;
				SWIFT_VERSION = 5.0;
				TARGETED_DEVICE_FAMILY = 1;
			};
			name = Release;
		};
		30BE53982FCCEC5C00ED4307 /* Debug */ = {
			isa = XCBuildConfiguration;
			buildSettings = {
				ALWAYS_SEARCH_USER_PATHS = NO;
				ASSETCATALOG_COMPILER_GENERATE_SWIFT_ASSET_SYMBOL_EXTENSIONS = YES;
				CLANG_ANALYZER_NONNULL = YES;
				CLANG_ANALYZER_NUMBER_OBJECT_CONVERSION = YES_AGGRESSIVE;
				CLANG_CXX_LANGUAGE_STANDARD = "gnu++20";
				CLANG_ENABLE_MODULES = YES;
				CLANG_ENABLE_OBJC_ARC = YES;
				CLANG_ENABLE_OBJC_WEAK = YES;
				CLANG_WARN_BLOCK_CAPTURE_AUTORELEASING = YES;
				CLANG_WARN_BOOL_CONVERSION = YES;
				CLANG_WARN_COMMA = YES;
				CLANG_WARN_CONSTANT_CONVERSION = YES;
				CLANG_WARN_DEPRECATED_OBJC_IMPLEMENTATIONS = YES;
				CLANG_WARN_DIRECT_OBJC_ISA_USAGE = YES_ERROR;
				CLANG_WARN_DOCUMENTATION_COMMENTS = YES;
				CLANG_WARN_EMPTY_BODY = YES;
				CLANG_WARN_ENUM_CONVERSION = YES;
				CLANG_WARN_INFINITE_RECURSION = YES;
				CLANG_WARN_INT_CONVERSION = YES;
				CLANG_WARN_NON_LITERAL_NULL_CONVERSION = YES;
				CLANG_WARN_OBJC_IMPLICIT_RETAIN_SELF = YES;
				CLANG_WARN_OBJC_LITERAL_CONVERSION = YES;
				CLANG_WARN_OBJC_ROOT_CLASS = YES_ERROR;
				CLANG_WARN_QUOTED_INCLUDE_IN_FRAMEWORK_HEADER = YES;
				CLANG_WARN_RANGE_LOOP_ANALYSIS = YES;
				CLANG_WARN_STRICT_PROTOTYPES = YES;
				CLANG_WARN_SUSPICIOUS_MOVE = YES;
				CLANG_WARN_UNGUARDED_AVAILABILITY = YES_AGGRESSIVE;
				CLANG_WARN_UNREACHABLE_CODE = YES;
				CLANG_WARN__DUPLICATE_METHOD_MATCH = YES;
				COPY_PHASE_STRIP = NO;
				DEBUG_INFORMATION_FORMAT = dwarf;
				ENABLE_STRICT_OBJC_MSGSEND = YES;
				ENABLE_TESTABILITY = YES;
				ENABLE_USER_SCRIPT_SANDBOXING = YES;
				GCC_C_LANGUAGE_STANDARD = gnu17;
				GCC_DYNAMIC_NO_PIC = NO;
				GCC_NO_COMMON_BLOCKS = YES;
				GCC_OPTIMIZATION_LEVEL = 0;
				GCC_PREPROCESSOR_DEFINITIONS = (
					"DEBUG=1",
					"$(inherited)",
				);
				GCC_WARN_64_TO_32_BIT_CONVERSION = YES;
				GCC_WARN_ABOUT_RETURN_TYPE = YES_ERROR;
				GCC_WARN_UNDECLARED_SELECTOR = YES;
				GCC_WARN_UNINITIALIZED_AUTOS = YES_AGGRESSIVE;
				GCC_WARN_UNUSED_FUNCTION = YES;
				GCC_WARN_UNUSED_VARIABLE = YES;
				IPHONEOS_DEPLOYMENT_TARGET = 26.4;
				LOCALIZATION_PREFERS_STRING_CATALOGS = YES;
				MTL_ENABLE_DEBUG_INFO = INCLUDE_SOURCE;
				MTL_FAST_MATH = YES;
				ONLY_ACTIVE_ARCH = YES;
				SDKROOT = iphoneos;
				SWIFT_ACTIVE_COMPILATION_CONDITIONS = "DEBUG $(inherited)";
				SWIFT_OPTIMIZATION_LEVEL = "-Onone";
			};
			name = Debug;
		};
		30BE53992FCCEC5C00ED4307 /* Release */ = {
			isa = XCBuildConfiguration;
			buildSettings = {
				ALWAYS_SEARCH_USER_PATHS = NO;
				ASSETCATALOG_COMPILER_GENERATE_SWIFT_ASSET_SYMBOL_EXTENSIONS = YES;
				CLANG_ANALYZER_NONNULL = YES;
				CLANG_ANALYZER_NUMBER_OBJECT_CONVERSION = YES_AGGRESSIVE;
				CLANG_CXX_LANGUAGE_STANDARD = "gnu++20";
				CLANG_ENABLE_MODULES = YES;
				CLANG_ENABLE_OBJC_ARC = YES;
				CLANG_ENABLE_OBJC_WEAK = YES;
				CLANG_WARN_BLOCK_CAPTURE_AUTORELEASING = YES;
				CLANG_WARN_BOOL_CONVERSION = YES;
				CLANG_WARN_COMMA = YES;
				CLANG_WARN_CONSTANT_CONVERSION = YES;
				CLANG_WARN_DEPRECATED_OBJC_IMPLEMENTATIONS = YES;
				CLANG_WARN_DIRECT_OBJC_ISA_USAGE = YES_ERROR;
				CLANG_WARN_DOCUMENTATION_COMMENTS = YES;
				CLANG_WARN_EMPTY_BODY = YES;
				CLANG_WARN_ENUM_CONVERSION = YES;
				CLANG_WARN_INFINITE_RECURSION = YES;
				CLANG_WARN_INT_CONVERSION = YES;
				CLANG_WARN_NON_LITERAL_NULL_CONVERSION = YES;
				CLANG_WARN_OBJC_IMPLICIT_RETAIN_SELF = YES;
				CLANG_WARN_OBJC_LITERAL_CONVERSION = YES;
				CLANG_WARN_OBJC_ROOT_CLASS = YES_ERROR;
				CLANG_WARN_QUOTED_INCLUDE_IN_FRAMEWORK_HEADER = YES;
				CLANG_WARN_RANGE_LOOP_ANALYSIS = YES;
				CLANG_WARN_STRICT_PROTOTYPES = YES;
				CLANG_WARN_SUSPICIOUS_MOVE = YES;
				CLANG_WARN_UNGUARDED_AVAILABILITY = YES_AGGRESSIVE;
				CLANG_WARN_UNREACHABLE_CODE = YES;
				CLANG_WARN__DUPLICATE_METHOD_MATCH = YES;
				COPY_PHASE_STRIP = NO;
				DEBUG_INFORMATION_FORMAT = "dwarf-with-dsym";
				ENABLE_NS_ASSERTIONS = NO;
				ENABLE_STRICT_OBJC_MSGSEND = YES;
				ENABLE_USER_SCRIPT_SANDBOXING = YES;
				GCC_C_LANGUAGE_STANDARD = gnu17;
				GCC_NO_COMMON_BLOCKS = YES;
				GCC_WARN_64_TO_32_BIT_CONVERSION = YES;
				GCC_WARN_ABOUT_RETURN_TYPE = YES_ERROR;
				GCC_WARN_UNDECLARED_SELECTOR = YES;
				GCC_WARN_UNINITIALIZED_AUTOS = YES_AGGRESSIVE;
				GCC_WARN_UNUSED_FUNCTION = YES;
				GCC_WARN_UNUSED_VARIABLE = YES;
				IPHONEOS_DEPLOYMENT_TARGET = 26.4;
				LOCALIZATION_PREFERS_STRING_CATALOGS = YES;
				MTL_ENABLE_DEBUG_INFO = NO;
				MTL_FAST_MATH = YES;
				SDKROOT = iphoneos;
				SWIFT_COMPILATION_MODE = wholemodule;
				VALIDATE_PRODUCT = YES;
			};
			name = Release;
		};
/* End XCBuildConfiguration section */

/* Begin XCConfigurationList section */
		30BE537D2FCCEC5C00ED4307 /* Build configuration list for PBXProject "199OrivelleMotion" */ = {
			isa = XCConfigurationList;
			buildConfigurations = (
				30BE53982FCCEC5C00ED4307 /* Debug */,
				30BE53992FCCEC5C00ED4307 /* Release */,
			);
			defaultConfigurationIsVisible = 0;
			defaultConfigurationName = Release;
		};
		30BE53952FCCEC5C00ED4307 /* Build configuration list for PBXNativeTarget "199OrivelleMotion" */ = {
			isa = XCConfigurationList;
			buildConfigurations = (
				30BE53962FCCEC5C00ED4307 /* Debug */,
				30BE53972FCCEC5C00ED4307 /* Release */,
			);
			defaultConfigurationIsVisible = 0;
			defaultConfigurationName = Release;
		};
/* End XCConfigurationList section */
	};
	rootObject = 30BE537A2FCCEC5C00ED4307 /* Project object */;
}
